<?xml version="1.0" encoding="utf-8"?>
<Project ToolsVersion="4.0" xmlns="http://schemas.microsoft.com/developer/msbuild/2003">
  <ItemGroup>
    <Filter Include="Mage">
      <UniqueIdentifier>{ee86eeb8-a803-400e-a004-0792ecf5390e}</UniqueIdentifier>
    </Filter>
    <Filter Include="Mage\engine">
      <UniqueIdentifier>{3bd24cba-1644-4fbe-9b14-8f8941571f5c}</UniqueIdentifier>
    </Filter>
    <Filter Include="Mage\editor">
      <UniqueIdentifier>{656ffcdd-056d-4408-b190-77561f71a182}</UniqueIdentifier>
    </Filter>
    <Filter Include="Mage\engine\core">
      <UniqueIdentifier>{0c7dfaca-ca9b-4287-a812-89a965fe6247}</UniqueIdentifier>
    </Filter>
    <Filter Include="Mage\engine\engine_core">
      <UniqueIdentifier>{d18413a5-bf8d-4839-bfd1-e6106f6d2093}</UniqueIdentifier>
    </Filter>
    <Filter Include="Mage\engine\core\math">
      <UniqueIdentifier>{b3b63bae-35e2-42bf-adec-bfd1faf56fc2}</UniqueIdentifier>
    </Filter>
    <Filter Include="Mage\engine\core\meta">
      <UniqueIdentifier>{6790fba1-b7da-48c4-aa67-f380ccba5baa}</UniqueIdentifier>
    </Filter>
    <Filter Include="Mage\engine\core\meta\reflection">
      <UniqueIdentifier>{4a35d0b5-72d8-4a23-8916-789e778f7250}</UniqueIdentifier>
    </Filter>
    <Filter Include="Mage\engine\core\meta\serializer">
      <UniqueIdentifier>{609ac326-614b-43b3-a02f-2810bf814ce7}</UniqueIdentifier>
    </Filter>
    <Filter Include="Mage\engine\engine_core\render_engine">
      <UniqueIdentifier>{eced36c4-ec64-4926-aba7-dfd8d6b6be0a}</UniqueIdentifier>
    </Filter>
    <Filter Include="Mage\engine\engine_core\render_engine\renderer">
      <UniqueIdentifier>{c0ce8f62-b85b-4594-b627-ce55ecee5162}</UniqueIdentifier>
    </Filter>
    <Filter Include="Mage\engine\engine_core\render_engine\render_passes">
      <UniqueIdentifier>{93a0cec8-a085-4d32-a1f8-881074121288}</UniqueIdentifier>
    </Filter>
    <Filter Include="Mage\engine\engine_core\function">
      <UniqueIdentifier>{70906218-08ed-4c87-84d6-998c9e4a30c4}</UniqueIdentifier>
    </Filter>
    <Filter Include="Mage\engine\engine_core\function\global_context">
      <UniqueIdentifier>{918de485-0354-442d-9ea2-12c044849a18}</UniqueIdentifier>
    </Filter>
    <Filter Include="Mage\engine\engine_core\platform">
      <UniqueIdentifier>{a728fb96-1044-40a6-a8ec-9e2af02ade64}</UniqueIdentifier>
    </Filter>
    <Filter Include="Mage\engine\asset">
      <UniqueIdentifier>{42d88137-fc19-4749-b142-10f26710b554}</UniqueIdentifier>
    </Filter>
    <Filter Include="Mage\engine\asset\resource_manager">
      <UniqueIdentifier>{c309bb14-dea4-4737-9318-6434af8d8efb}</UniqueIdentifier>
    </Filter>
    <Filter Include="TEST">
      <UniqueIdentifier>{b2075b71-2e77-4d45-90e2-3333d777618d}</UniqueIdentifier>
    </Filter>
    <Filter Include="Mage\engine\engine_core\input">
      <UniqueIdentifier>{285edaf9-6962-4f68-9fdd-06319097a92a}</UniqueIdentifier>
    </Filter>
    <Filter Include="Mage\engine\engine_core\scaffold">
      <UniqueIdentifier>{c32bd5b6-2d8a-4c87-92c0-5c12f1260998}</UniqueIdentifier>
    </Filter>
    <Filter Include="Mage\engine\engine_core\scaffold\components">
      <UniqueIdentifier>{f790544b-a0ab-4ba3-bf09-d01a8c82c753}</UniqueIdentifier>
    </Filter>
    <Filter Include="Mage\engine\engine_core\scaffold\components\transform">
      <UniqueIdentifier>{b8007572-83b4-4aff-a438-640eed62b65c}</UniqueIdentifier>
    </Filter>
    <Filter Include="Mage\engine\engine_core\scaffold\world_manager">
      <UniqueIdentifier>{4478e270-5e04-4b92-935a-ae2f58ef652f}</UniqueIdentifier>
    </Filter>
    <Filter Include="Mage\engine\engine_core\scaffold\components\mesh">
      <UniqueIdentifier>{d94f659d-e5a0-45ba-8eb2-cc36564397fb}</UniqueIdentifier>
    </Filter>
    <Filter Include="Mage\engine\engine_core\scaffold\components\camera">
      <UniqueIdentifier>{2aac2c8e-3c10-4e32-bdcf-309861b61b66}</UniqueIdentifier>
    </Filter>
    <Filter Include="Mage\editor\context">
      <UniqueIdentifier>{cf0f75e8-bca2-4739-ac82-c266221cd794}</UniqueIdentifier>
    </Filter>
    <Filter Include="Mage\editor\input">
      <UniqueIdentifier>{fb746f51-e5fa-45a0-b852-7a8e7776f745}</UniqueIdentifier>
    </Filter>
    <Filter Include="Mage\editor\ui">
      <UniqueIdentifier>{aca145cf-d686-4d19-a23f-169635a1fa46}</UniqueIdentifier>
    </Filter>
    <Filter Include="Mage\engine\engine_core\event">
      <UniqueIdentifier>{483101a4-4f5a-4c53-8735-bb787cc39e2f}</UniqueIdentifier>
    </Filter>
    <Filter Include="Mage\engine\engine_core\function\id_allocator">
      <UniqueIdentifier>{d76fbabe-f932-4fe3-a70d-5a92c52d7a69}</UniqueIdentifier>
    </Filter>
    <Filter Include="Mage\editor\ui\windows">
      <UniqueIdentifier>{06ab48f5-9105-4650-99b2-44efd4630a4c}</UniqueIdentifier>
    </Filter>
    <Filter Include="Mage\editor\ui\widgets">
      <UniqueIdentifier>{9a2cb166-1650-40e7-a50b-330a98eca546}</UniqueIdentifier>
    </Filter>
    <Filter Include="Mage\editor\ui\windows\window_manager">
      <UniqueIdentifier>{f8dc12b6-8aff-4967-ae47-74ddadf93fee}</UniqueIdentifier>
    </Filter>
    <Filter Include="Mage\editor\ui\widgets\WFI">
      <UniqueIdentifier>{99286f12-0de8-496e-9fb5-fa71e50fbe6d}</UniqueIdentifier>
    </Filter>
  </ItemGroup>
  <ItemGroup>
    <ClCompile Include="..\engine\core\math\math.cpp">
      <Filter>Mage\engine\core\math</Filter>
    </ClCompile>
    <ClCompile Include="..\engine\core\math\matrix4x4.cpp">
      <Filter>Mage\engine\core\math</Filter>
    </ClCompile>
    <ClCompile Include="..\engine\core\math\quaternion.cpp">
      <Filter>Mage\engine\core\math</Filter>
    </ClCompile>
    <ClCompile Include="..\engine\core\math\transform_base.cpp">
      <Filter>Mage\engine\core\math</Filter>
    </ClCompile>
    <ClCompile Include="..\engine\core\math\vector2.cpp">
      <Filter>Mage\engine\core\math</Filter>
    </ClCompile>
    <ClCompile Include="..\engine\core\math\vector3.cpp">
      <Filter>Mage\engine\core\math</Filter>
    </ClCompile>
    <ClCompile Include="..\engine\core\math\vector4.cpp">
      <Filter>Mage\engine\core\math</Filter>
    </ClCompile>
    <ClCompile Include="..\engine\core\meta\reflection_test.cpp">
      <Filter>Mage\engine\core\meta</Filter>
    </ClCompile>
    <ClCompile Include="..\engine\core\meta\reflection\reflection.cpp">
      <Filter>Mage\engine\core\meta\reflection</Filter>
    </ClCompile>
    <ClCompile Include="..\engine\core\meta\reflection\reflection_register.cpp">
      <Filter>Mage\engine\core\meta\reflection</Filter>
    </ClCompile>
    <ClCompile Include="..\engine\core\meta\serializer\serializer.cpp">
      <Filter>Mage\engine\core\meta\serializer</Filter>
    </ClCompile>
    <ClCompile Include="..\engine\core\random.cpp">
      <Filter>Mage\engine\core</Filter>
    </ClCompile>
    <ClCompile Include="..\engine\engine_core\render_engine\renderer\vulkanHelper.cpp">
      <Filter>Mage\engine\engine_core\render_engine\renderer</Filter>
    </ClCompile>
    <ClCompile Include="..\engine\engine_core\render_engine\renderer\vulkanRHI.cpp">
      <Filter>Mage\engine\engine_core\render_engine\renderer</Filter>
    </ClCompile>
    <ClCompile Include="..\engine\engine_core\render_engine\render_pass.cpp">
      <Filter>Mage\engine\engine_core\render_engine</Filter>
    </ClCompile>
    <ClCompile Include="..\engine\engine_core\render_engine\render_subpass.cpp">
      <Filter>Mage\engine\engine_core\render_engine</Filter>
    </ClCompile>
    <ClCompile Include="..\engine\engine_core\render_engine\render_system.cpp">
      <Filter>Mage\engine\engine_core\render_engine</Filter>
    </ClCompile>
    <ClCompile Include="..\engine\engine_core\render_engine\window_system.cpp">
      <Filter>Mage\engine\engine_core\render_engine</Filter>
    </ClCompile>
    <ClCompile Include="..\engine\engine_core\engine.cpp">
      <Filter>Mage\engine\engine_core</Filter>
    </ClCompile>
    <ClCompile Include="..\engine\engine_core\function\global_context\global_context.cpp">
      <Filter>Mage\engine\engine_core\function\global_context</Filter>
    </ClCompile>
    <ClCompile Include="..\engine\engine_core\platform\file_system.cpp">
      <Filter>Mage\engine\engine_core\platform</Filter>
    </ClCompile>
    <ClCompile Include="..\engine\asset\resource_manager\asset_type.cpp">
      <Filter>Mage\engine\asset\resource_manager</Filter>
    </ClCompile>
    <ClCompile Include="..\engine\engine_core\render_engine\render_passes\ForwardRenderPass.cpp">
      <Filter>Mage\engine\engine_core\render_engine\render_passes</Filter>
    </ClCompile>
    <ClCompile Include="..\engine\engine_core\render_engine\render_scene.cpp">
      <Filter>Mage\engine\engine_core\render_engine</Filter>
    </ClCompile>
    <ClCompile Include="..\engine\asset\resource_manager\resource_manager.cpp">
      <Filter>Mage\engine\asset\resource_manager</Filter>
    </ClCompile>
    <ClCompile Include="..\engine\engine_core\render_engine\render_resource.cpp">
      <Filter>Mage\engine\engine_core\render_engine</Filter>
    </ClCompile>
    <ClCompile Include="..\engine\engine_core\input\input_system.cpp">
      <Filter>Mage\engine\engine_core\input</Filter>
    </ClCompile>
    <ClCompile Include="..\engine\engine_core\scaffold\world_manager\world_manager.cpp">
      <Filter>Mage\engine\engine_core\scaffold\world_manager</Filter>
    </ClCompile>
    <ClCompile Include="..\engine\engine_core\scaffold\world.cpp">
      <Filter>Mage\engine\engine_core\scaffold</Filter>
    </ClCompile>
    <ClCompile Include="..\engine\engine_core\scaffold\scene.cpp">
      <Filter>Mage\engine\engine_core\scaffold</Filter>
    </ClCompile>
    <ClCompile Include="..\engine\engine_core\scaffold\game_object.cpp">
      <Filter>Mage\engine\engine_core\scaffold</Filter>
    </ClCompile>
    <ClCompile Include="..\engine\engine_core\scaffold\components\transformcomponent\Transform_component.cpp">
      <Filter>Mage\engine\engine_core\scaffold\components\transform</Filter>
    </ClCompile>
    <ClCompile Include="..\engine\engine_core\scaffold\components\meshcomponent\Mesh_component.cpp">
      <Filter>Mage\engine\engine_core\scaffold\components\mesh</Filter>
    </ClCompile>
    <ClCompile Include="..\engine\engine_core\render_engine\render_camera.cpp">
      <Filter>Mage\engine\engine_core\render_engine</Filter>
    </ClCompile>
    <ClCompile Include="..\engine\engine_core\scaffold\components\cameracomponent\Camera_component.cpp">
      <Filter>Mage\engine\engine_core\scaffold\components\camera</Filter>
    </ClCompile>
    <ClCompile Include="..\editor\editor.cpp">
      <Filter>Mage\editor</Filter>
    </ClCompile>
    <ClCompile Include="..\editor\input\editor_input.cpp">
      <Filter>Mage\editor\input</Filter>
    </ClCompile>
    <ClCompile Include="..\editor\context\editor_global_context.cpp">
      <Filter>Mage\editor\context</Filter>
    </ClCompile>
    <ClCompile Include="main.cpp">
      <Filter>Mage\editor</Filter>
    </ClCompile>
    <ClCompile Include="..\engine\engine_core\render_engine\render_passes\UIPass.cpp">
      <Filter>Mage\engine\engine_core\render_engine\render_passes</Filter>
    </ClCompile>
    <ClCompile Include="..\editor\ui\editor_ui.cpp">
      <Filter>Mage\editor\ui</Filter>
    </ClCompile>
    <ClCompile Include="..\engine\engine_core\function\id_allocator\id_allocator.cpp">
      <Filter>Mage\engine\engine_core\function\id_allocator</Filter>
    </ClCompile>
    <ClCompile Include="..\editor\ui\windows\dock.cpp">
      <Filter>Mage\editor\ui\windows</Filter>
    </ClCompile>
    <ClCompile Include="..\editor\ui\windows\hierachy.cpp">
      <Filter>Mage\editor\ui\windows</Filter>
    </ClCompile>
    <ClCompile Include="..\editor\ui\widgets\treenode.cpp">
      <Filter>Mage\editor\ui\widgets</Filter>
    </ClCompile>
    <ClCompile Include="..\editor\ui\windows\viewer.cpp">
      <Filter>Mage\editor\ui\windows</Filter>
    </ClCompile>
    <ClCompile Include="..\editor\ui\windows\inspector.cpp">
      <Filter>Mage\editor\ui\windows</Filter>
    </ClCompile>
    <ClCompile Include="..\editor\ui\widgets\checkbox.cpp">
      <Filter>Mage\editor\ui\widgets</Filter>
    </ClCompile>
    <ClCompile Include="..\editor\ui\widgets\input_text.cpp">
      <Filter>Mage\editor\ui\widgets</Filter>
    </ClCompile>
    <ClCompile Include="..\editor\ui\widgets\drag_float.cpp">
      <Filter>Mage\editor\ui\widgets</Filter>
    </ClCompile>
    <ClCompile Include="..\editor\ui\widgets\WFI\bindable.cpp">
      <Filter>Mage\editor\ui\widgets\WFI</Filter>
    </ClCompile>
    <ClCompile Include="..\editor\ui\widgets\WFI\resizable.cpp">
      <Filter>Mage\editor\ui\widgets\WFI</Filter>
    </ClCompile>
    <ClCompile Include="..\editor\ui\widgets\drag_int.cpp">
      <Filter>Mage\editor\ui\widgets</Filter>
    </ClCompile>
  </ItemGroup>
  <ItemGroup>
    <ClInclude Include="..\engine\core\math\math.h">
      <Filter>Mage\engine\core\math</Filter>
    </ClInclude>
    <ClInclude Include="..\engine\core\math\matrix4x4.h">
      <Filter>Mage\engine\core\math</Filter>
    </ClInclude>
    <ClInclude Include="..\engine\core\math\quaternion.h">
      <Filter>Mage\engine\core\math</Filter>
    </ClInclude>
    <ClInclude Include="..\engine\core\math\transform_base.h">
      <Filter>Mage\engine\core\math</Filter>
    </ClInclude>
    <ClInclude Include="..\engine\core\math\vector2.h">
      <Filter>Mage\engine\core\math</Filter>
    </ClInclude>
    <ClInclude Include="..\engine\core\math\vector3.h">
      <Filter>Mage\engine\core\math</Filter>
    </ClInclude>
    <ClInclude Include="..\engine\core\math\vector4.h">
      <Filter>Mage\engine\core\math</Filter>
    </ClInclude>
    <ClInclude Include="..\engine\core\meta\json.h">
      <Filter>Mage\engine\core\meta</Filter>
    </ClInclude>
    <ClInclude Include="..\engine\core\meta\reflection_test.h">
      <Filter>Mage\engine\core\meta</Filter>
    </ClInclude>
    <ClInclude Include="..\engine\core\meta\reflection\reflection.h">
      <Filter>Mage\engine\core\meta\reflection</Filter>
    </ClInclude>
    <ClInclude Include="..\engine\core\meta\reflection\reflection_register.h">
      <Filter>Mage\engine\core\meta\reflection</Filter>
    </ClInclude>
    <ClInclude Include="..\engine\core\meta\serializer\serializer.h">
      <Filter>Mage\engine\core\meta\serializer</Filter>
    </ClInclude>
    <ClInclude Include="..\engine\core\macro.h">
      <Filter>Mage\engine\core</Filter>
    </ClInclude>
    <ClInclude Include="..\engine\core\random.h">
      <Filter>Mage\engine\core</Filter>
    </ClInclude>
    <ClInclude Include="..\engine\engine_core\render_engine\renderer\vulkanHelper.h">
      <Filter>Mage\engine\engine_core\render_engine\renderer</Filter>
    </ClInclude>
    <ClInclude Include="..\engine\engine_core\render_engine\renderer\vulkanInfo.h">
      <Filter>Mage\engine\engine_core\render_engine\renderer</Filter>
    </ClInclude>
    <ClInclude Include="..\engine\engine_core\render_engine\renderer\vulkanRHI.h">
      <Filter>Mage\engine\engine_core\render_engine\renderer</Filter>
    </ClInclude>
    <ClInclude Include="..\engine\engine_core\render_engine\render_mesh.h">
      <Filter>Mage\engine\engine_core\render_engine</Filter>
    </ClInclude>
    <ClInclude Include="..\engine\engine_core\render_engine\render_pass.h">
      <Filter>Mage\engine\engine_core\render_engine</Filter>
    </ClInclude>
    <ClInclude Include="..\engine\engine_core\render_engine\render_subpass.h">
      <Filter>Mage\engine\engine_core\render_engine</Filter>
    </ClInclude>
    <ClInclude Include="..\engine\engine_core\render_engine\render_system.h">
      <Filter>Mage\engine\engine_core\render_engine</Filter>
    </ClInclude>
    <ClInclude Include="..\engine\engine_core\render_engine\render_vulkan_resources.h">
      <Filter>Mage\engine\engine_core\render_engine</Filter>
    </ClInclude>
    <ClInclude Include="..\engine\engine_core\render_engine\window_system.h">
      <Filter>Mage\engine\engine_core\render_engine</Filter>
    </ClInclude>
    <ClInclude Include="..\engine\engine_core\engine.h">
      <Filter>Mage\engine\engine_core</Filter>
    </ClInclude>
    <ClInclude Include="..\engine\engine_core\function\global_context\global_context.h">
      <Filter>Mage\engine\engine_core\function\global_context</Filter>
    </ClInclude>
    <ClInclude Include="..\engine\engine_core\platform\file_system.h">
      <Filter>Mage\engine\engine_core\platform</Filter>
    </ClInclude>
    <ClInclude Include="..\engine\asset\resource_manager\asset_type.h">
      <Filter>Mage\engine\asset\resource_manager</Filter>
    </ClInclude>
    <ClInclude Include="..\engine\engine_core\render_engine\render_resource.h">
      <Filter>Mage\engine\engine_core\render_engine</Filter>
    </ClInclude>
    <ClInclude Include="..\engine\engine_core\render_engine\render_passes\ForwardRenderPass.h">
      <Filter>Mage\engine\engine_core\render_engine\render_passes</Filter>
    </ClInclude>
    <ClInclude Include="..\engine\engine_core\render_engine\render_guid_generator.h">
      <Filter>Mage\engine\engine_core\render_engine</Filter>
    </ClInclude>
    <ClInclude Include="..\engine\engine_core\render_engine\render_scene.h">
      <Filter>Mage\engine\engine_core\render_engine</Filter>
    </ClInclude>
    <ClInclude Include="..\engine\engine_core\render_engine\render_model.h">
      <Filter>Mage\engine\engine_core\render_engine</Filter>
    </ClInclude>
    <ClInclude Include="..\engine\core\hash.h">
      <Filter>Mage\engine\core</Filter>
    </ClInclude>
    <ClInclude Include="..\engine\asset\resource_manager\resource_manager.h">
      <Filter>Mage\engine\asset\resource_manager</Filter>
    </ClInclude>
    <ClInclude Include="..\engine\engine_core\render_engine\render_macro.h">
      <Filter>Mage\engine\engine_core\render_engine</Filter>
    </ClInclude>
    <ClInclude Include="..\engine\engine_core\render_engine\resource_swap_header.h">
      <Filter>Mage\engine\engine_core\render_engine</Filter>
    </ClInclude>
    <ClInclude Include="..\engine\engine_core\input\input_system.h">
      <Filter>Mage\engine\engine_core\input</Filter>
    </ClInclude>
    <ClInclude Include="..\engine\engine_core\input\key_family.h">
      <Filter>Mage\engine\engine_core\input</Filter>
    </ClInclude>
    <ClInclude Include="..\engine\engine_core\scaffold\components\component.h">
      <Filter>Mage\engine\engine_core\scaffold\components</Filter>
    </ClInclude>
    <ClInclude Include="..\engine\engine_core\scaffold\world_manager\world_manager.h">
      <Filter>Mage\engine\engine_core\scaffold\world_manager</Filter>
    </ClInclude>
    <ClInclude Include="..\engine\engine_core\scaffold\world.h">
      <Filter>Mage\engine\engine_core\scaffold</Filter>
    </ClInclude>
    <ClInclude Include="..\engine\engine_core\scaffold\game_object.h">
      <Filter>Mage\engine\engine_core\scaffold</Filter>
    </ClInclude>
    <ClInclude Include="..\engine\engine_core\scaffold\scene.h">
      <Filter>Mage\engine\engine_core\scaffold</Filter>
    </ClInclude>
    <ClInclude Include="..\engine\engine_core\scaffold\components\transformcomponent\Transform_component.h">
      <Filter>Mage\engine\engine_core\scaffold\components\transform</Filter>
    </ClInclude>
    <ClInclude Include="..\engine\engine_core\scaffold\components\meshcomponent\mesh_asset.h">
      <Filter>Mage\engine\engine_core\scaffold\components\mesh</Filter>
    </ClInclude>
    <ClInclude Include="..\engine\engine_core\scaffold\components\meshcomponent\Mesh_component.h">
      <Filter>Mage\engine\engine_core\scaffold\components\mesh</Filter>
    </ClInclude>
    <ClInclude Include="..\engine\asset\world_asset.h">
      <Filter>Mage\engine\asset</Filter>
    </ClInclude>
    <ClInclude Include="..\engine\asset\scene_asset.h">
      <Filter>Mage\engine\asset</Filter>
    </ClInclude>
    <ClInclude Include="..\engine\asset\object_asset.h">
      <Filter>Mage\engine\asset</Filter>
    </ClInclude>
    <ClInclude Include="..\engine\engine_core\render_engine\render_camera.h">
      <Filter>Mage\engine\engine_core\render_engine</Filter>
    </ClInclude>
    <ClInclude Include="..\engine\engine_core\scaffold\components\cameracomponent\Camera_component.h">
      <Filter>Mage\engine\engine_core\scaffold\components\camera</Filter>
    </ClInclude>
    <ClInclude Include="..\editor\editor.h">
      <Filter>Mage\editor</Filter>
    </ClInclude>
    <ClInclude Include="..\editor\context\editor_global_context.h">
      <Filter>Mage\editor\context</Filter>
    </ClInclude>
    <ClInclude Include="..\editor\input\editor_input.h">
      <Filter>Mage\editor\input</Filter>
    </ClInclude>
    <ClInclude Include="..\editor\ui\editor_ui.h">
      <Filter>Mage\editor\ui</Filter>
    </ClInclude>
    <ClInclude Include="..\engine\engine_core\render_engine\render_passes\UIPass.h">
      <Filter>Mage\engine\engine_core\render_engine\render_passes</Filter>
    </ClInclude>
    <ClInclude Include="..\engine\engine_core\event\event.h">
      <Filter>Mage\engine\engine_core\event</Filter>
    </ClInclude>
    <ClInclude Include="..\engine\engine_core\function\id_allocator\id_allocator.h">
      <Filter>Mage\engine\engine_core\function\id_allocator</Filter>
    </ClInclude>
    <ClInclude Include="..\editor\ui\windows\hierachy.h">
      <Filter>Mage\editor\ui\windows</Filter>
    </ClInclude>
    <ClInclude Include="..\editor\ui\windows\dock.h">
      <Filter>Mage\editor\ui\windows</Filter>
    </ClInclude>
    <ClInclude Include="..\editor\ui\windows\inspector.h">
      <Filter>Mage\editor\ui\windows</Filter>
    </ClInclude>
    <ClInclude Include="..\editor\ui\windows\viewer.h">
      <Filter>Mage\editor\ui\windows</Filter>
    </ClInclude>
    <ClInclude Include="..\editor\ui\widgets\treenode.h">
      <Filter>Mage\editor\ui\widgets</Filter>
    </ClInclude>
    <ClInclude Include="..\engine\engine_core\event\reference.h">
      <Filter>Mage\engine\engine_core\event</Filter>
    </ClInclude>
    <ClInclude Include="..\editor\ui\widgets\group.h">
      <Filter>Mage\editor\ui\widgets</Filter>
    </ClInclude>
    <ClInclude Include="..\editor\ui\widgets\checkbox.h">
      <Filter>Mage\editor\ui\widgets</Filter>
    </ClInclude>
    <ClInclude Include="..\editor\ui\widgets\text.h">
      <Filter>Mage\editor\ui\widgets</Filter>
    </ClInclude>
    <ClInclude Include="..\editor\ui\widgets\input_text.h">
      <Filter>Mage\editor\ui\widgets</Filter>
    </ClInclude>
    <ClInclude Include="..\editor\ui\widgets\sameline.h">
      <Filter>Mage\editor\ui\widgets</Filter>
    </ClInclude>
    <ClInclude Include="..\editor\ui\widgets\seperator.h">
      <Filter>Mage\editor\ui\widgets</Filter>
    </ClInclude>
    <ClInclude Include="..\editor\ui\widgets\container.h">
      <Filter>Mage\editor\ui\widgets</Filter>
    </ClInclude>
    <ClInclude Include="..\editor\ui\widgets\widget.h">
      <Filter>Mage\editor\ui\widgets</Filter>
    </ClInclude>
    <ClInclude Include="..\editor\ui\windows\window_manager\window_manager.h">
      <Filter>Mage\editor\ui\windows\window_manager</Filter>
    </ClInclude>
    <ClInclude Include="..\editor\ui\windows\window.h">
      <Filter>Mage\editor\ui\windows</Filter>
    </ClInclude>
    <ClInclude Include="..\editor\ui\widgets\drag_float.h">
      <Filter>Mage\editor\ui\widgets</Filter>
    </ClInclude>
    <ClInclude Include="..\editor\ui\widgets\WFI\wfi.h">
      <Filter>Mage\editor\ui\widgets\WFI</Filter>
    </ClInclude>
    <ClInclude Include="..\editor\ui\widgets\WFI\bindable.h">
      <Filter>Mage\editor\ui\widgets\WFI</Filter>
    </ClInclude>
    <ClInclude Include="..\editor\ui\widgets\WFI\resizable.h">
      <Filter>Mage\editor\ui\widgets\WFI</Filter>
    </ClInclude>
    <ClInclude Include="..\editor\ui\widgets\drag_int.h">
      <Filter>Mage\editor\ui\widgets</Filter>
    </ClInclude>
  </ItemGroup>
</Project>